<?xml version="1.0" encoding="utf-8"?>
<Project ToolsVersion="4.0" xmlns="http://schemas.microsoft.com/developer/msbuild/2003">
  <ItemGroup>
    <Filter Include="Source Files">
      <UniqueIdentifier>{4FC737F1-C7A5-4376-A066-2A32D752A2FF}</UniqueIdentifier>
      <Extensions>cpp;c;cc;cxx;def;odl;idl;hpj;bat;asm;asmx</Extensions>
    </Filter>
    <Filter Include="Header Files">
      <UniqueIdentifier>{93995380-89BD-4b04-88EB-625FBE52EBFB}</UniqueIdentifier>
      <Extensions>h;hh;hpp;hxx;hm;inl;inc;xsd</Extensions>
    </Filter>
    <Filter Include="Resource Files">
      <UniqueIdentifier>{67DA6AB6-F800-4c08-8B7A-83BB121AAD01}</UniqueIdentifier>
      <Extensions>rc;ico;cur;bmp;dlg;rc2;rct;bin;rgs;gif;jpg;jpeg;jpe;resx;tiff;tif;png;wav;mfcribbon-ms</Extensions>
    </Filter>
    <Filter Include="DirectX">
      <UniqueIdentifier>{c11767f3-2b75-458a-ae6a-a67ed56dba4b}</UniqueIdentifier>
    </Filter>
    <Filter Include="DirectX\SourceFile">
      <UniqueIdentifier>{5f4959c5-902c-40ab-85bb-0df0642c8c89}</UniqueIdentifier>
    </Filter>
    <Filter Include="DirectX\Extern">
      <UniqueIdentifier>{8fc2609d-0ab7-4f73-95c5-25caa45e39ae}</UniqueIdentifier>
    </Filter>
  </ItemGroup>
  <ItemGroup>
    <ClCompile Include="..\Causality\Common\pch_directX.cpp">
      <Filter>DirectX\SourceFile</Filter>
    </ClCompile>
    <ClCompile Include="..\Causality\Common\PrimitiveVisualizer.cpp">
      <Filter>DirectX\SourceFile</Filter>
    </ClCompile>
    <ClCompile Include="..\Causality\Common\Material.cpp">
      <Filter>DirectX\SourceFile</Filter>
    </ClCompile>
    <ClCompile Include="..\Causality\Common\Model.cpp">
      <Filter>DirectX\SourceFile</Filter>
    </ClCompile>
    <ClCompile Include="..\Causality\Common\SkyDome.cpp">
      <Filter>DirectX\SourceFile</Filter>
    </ClCompile>
    <ClCompile Include="..\Causality\Common\Textures.cpp">
      <Filter>DirectX\SourceFile</Filter>
    </ClCompile>
    <ClCompile Include="..\Causality\Common\Extern\tiny_obj_loader.cc">
      <Filter>DirectX\Extern</Filter>
    </ClCompile>
    <ClCompile Include="..\Causality\Common\DXGIFormatHelper.cpp">
      <Filter>DirectX\SourceFile</Filter>
    </ClCompile>
    <ClCompile Include="..\Causality\Common\DeviceResources.cpp">
      <Filter>DirectX\SourceFile</Filter>
    </ClCompile>
  </ItemGroup>
  <ItemGroup>
    <ClInclude Include="..\Causality\Common\Carmera.h">
      <Filter>DirectX</Filter>
    </ClInclude>
    <ClInclude Include="..\Causality\Common\ConstantBuffer.h">
      <Filter>DirectX</Filter>
    </ClInclude>
    <ClInclude Include="..\Causality\Common\pch_directX.h">
      <Filter>DirectX</Filter>
    </ClInclude>
    <ClInclude Include="..\Causality\Common\PrimitiveVisualizer.h">
      <Filter>DirectX</Filter>
    </ClInclude>
    <ClInclude Include="..\Causality\Common\DeviceBuffers.h">
      <Filter>DirectX</Filter>
    </ClInclude>
    <ClInclude Include="..\Causality\Common\DeviceResources.h">
      <Filter>DirectX</Filter>
    </ClInclude>
    <ClInclude Include="..\Causality\Common\DirectXHelper.h">
      <Filter>DirectX</Filter>
    </ClInclude>
    <ClInclude Include="..\Causality\Common\DirectXMathExtend.h">
      <Filter>DirectX</Filter>
    </ClInclude>
    <ClInclude Include="..\Causality\Common\DXGIFormatHelper.h">
      <Filter>DirectX</Filter>
    </ClInclude>
    <ClInclude Include="..\Causality\Common\Lights.h">
      <Filter>DirectX</Filter>
    </ClInclude>
    <ClInclude Include="..\Causality\Common\Locatable.h">
      <Filter>DirectX</Filter>
    </ClInclude>
    <ClInclude Include="..\Causality\Common\Material.h">
      <Filter>DirectX</Filter>
    </ClInclude>
    <ClInclude Include="..\Causality\Common\Model.h">
      <Filter>DirectX</Filter>
    </ClInclude>
    <ClInclude Include="..\Causality\Common\Renderable.h">
      <Filter>DirectX</Filter>
    </ClInclude>
    <ClInclude Include="..\Causality\Common\ShaderEffect.h">
      <Filter>DirectX</Filter>
    </ClInclude>
    <ClInclude Include="..\Causality\Common\SkyDome.h">
      <Filter>DirectX</Filter>
    </ClInclude>
    <ClInclude Include="..\Causality\Common\StepTimer.h">
      <Filter>DirectX</Filter>
    </ClInclude>
    <ClInclude Include="..\Causality\Common\Textures.h">
      <Filter>DirectX</Filter>
    </ClInclude>
    <ClInclude Include="..\Causality\Content\ShaderStructures.h">
      <Filter>DirectX</Filter>
    </ClInclude>
    <ClInclude Include="..\Causality\Common\Extern\tiny_obj_loader.h">
      <Filter>DirectX\Extern</Filter>
    </ClInclude>
  </ItemGroup>
  <ItemGroup>
    <None Include="packages.config" />
  </ItemGroup>
</Project>