<?xml version="1.0" encoding="utf-8"?>
<Project ToolsVersion="4.0" xmlns="http://schemas.microsoft.com/developer/msbuild/2003">
  <ItemGroup>
    <Filter Include="Source Files">
      <UniqueIdentifier>{4FC737F1-C7A5-4376-A066-2A32D752A2FF}</UniqueIdentifier>
      <Extensions>cpp;c;cc;cxx;def;odl;idl;hpj;bat;asm;asmx</Extensions>
    </Filter>
    <Filter Include="Header Files">
      <UniqueIdentifier>{93995380-89BD-4b04-88EB-625FBE52EBFB}</UniqueIdentifier>
      <Extensions>h;hh;hpp;hxx;hm;inl;inc;xsd</Extensions>
    </Filter>
    <Filter Include="Resource Files">
      <UniqueIdentifier>{67DA6AB6-F800-4c08-8B7A-83BB121AAD01}</UniqueIdentifier>
      <Extensions>rc;ico;cur;bmp;dlg;rc2;rct;bin;rgs;gif;jpg;jpeg;jpe;resx;tiff;tif;png;wav;mfcribbon-ms</Extensions>
    </Filter>
    <Filter Include="Platform">
      <UniqueIdentifier>{b64aebbb-698d-4d0a-9fd0-86c726d4be67}</UniqueIdentifier>
    </Filter>
    <Filter Include="DirectX">
      <UniqueIdentifier>{f24f9c7e-0490-4734-93ea-9aa8f494d0af}</UniqueIdentifier>
    </Filter>
    <Filter Include="Resource Files\SkyBox">
      <UniqueIdentifier>{2a691754-e34e-4273-8bc7-b5354528fb65}</UniqueIdentifier>
    </Filter>
    <Filter Include="DirectX\SourceFile">
      <UniqueIdentifier>{4d83d3eb-44a5-411e-a775-704c51fd7ecc}</UniqueIdentifier>
    </Filter>
    <Filter Include="DirectX\Extern">
      <UniqueIdentifier>{05dbf451-bb45-45f2-9739-0e29d673a86a}</UniqueIdentifier>
    </Filter>
    <Filter Include="StdX">
      <UniqueIdentifier>{dc52f287-d8be-4f4f-abbf-c96965a4a763}</UniqueIdentifier>
    </Filter>
    <Filter Include="Platform\Platform.Devices">
      <UniqueIdentifier>{6ffe4126-f094-4295-adf6-79684fe63ecb}</UniqueIdentifier>
    </Filter>
    <Filter Include="Platform\Platform.Fundation">
      <UniqueIdentifier>{8c285820-7e0b-4424-8e37-813bda8f91e4}</UniqueIdentifier>
    </Filter>
    <Filter Include="Shaders">
      <UniqueIdentifier>{44012883-1899-4613-af3f-9e2f51e4d141}</UniqueIdentifier>
    </Filter>
    <Filter Include="Causality">
      <UniqueIdentifier>{897e627e-a0e0-4504-8de2-12624d21ab1b}</UniqueIdentifier>
    </Filter>
  </ItemGroup>
  <ItemGroup>
    <ClCompile Include="Common\DeviceResources.cpp">
      <Filter>Source Files</Filter>
    </ClCompile>
    <ClCompile Include="pch.cpp">
      <Filter>Source Files</Filter>
    </ClCompile>
    <ClCompile Include="Content\SampleFpsTextRenderer.cpp">
      <Filter>Source Files</Filter>
    </ClCompile>
    <ClCompile Include="main.cpp">
      <Filter>Source Files</Filter>
    </ClCompile>
    <ClCompile Include="NativeWindow.cpp">
      <Filter>Platform</Filter>
    </ClCompile>
    <ClCompile Include="OculusRift.cpp">
      <Filter>Platform\Platform.Devices</Filter>
    </ClCompile>
    <ClCompile Include="Content\CubeScene.cpp">
      <Filter>Source Files</Filter>
    </ClCompile>
    <ClCompile Include="CausalityApplication.cpp">
      <Filter>Source Files</Filter>
    </ClCompile>
    <ClCompile Include="LeapMotion.cpp">
      <Filter>Platform\Platform.Devices</Filter>
    </ClCompile>
    <ClCompile Include="BulletPhysics.cpp">
      <Filter>Source Files</Filter>
    </ClCompile>
    <ClCompile Include="pch_bullet.cpp">
      <Filter>Source Files</Filter>
    </ClCompile>
    <ClCompile Include="Common\Material.cpp">
      <Filter>DirectX\SourceFile</Filter>
    </ClCompile>
    <ClCompile Include="Common\MetaBallModel.cpp">
      <Filter>DirectX\SourceFile</Filter>
    </ClCompile>
    <ClCompile Include="Common\PrimitiveVisualizer.cpp">
      <Filter>DirectX\SourceFile</Filter>
    </ClCompile>
    <ClCompile Include="Common\SpaceCurve.cpp">
      <Filter>DirectX\SourceFile</Filter>
    </ClCompile>
    <ClCompile Include="Common\Polygonizer.cpp">
      <Filter>DirectX\SourceFile</Filter>
    </ClCompile>
    <ClCompile Include="Common\Model.cpp">
      <Filter>DirectX\SourceFile</Filter>
    </ClCompile>
    <ClCompile Include="Common\Extern\tiny_obj_loader.cc">
      <Filter>DirectX\Extern</Filter>
    </ClCompile>
    <ClCompile Include="Common\pch_directX.cpp">
      <Filter>DirectX\SourceFile</Filter>
    </ClCompile>
    <ClCompile Include="Common\SkyDome.cpp">
      <Filter>DirectX\SourceFile</Filter>
    </ClCompile>
    <ClCompile Include="Common\DXGIFormatHelper.cpp">
      <Filter>DirectX</Filter>
    </ClCompile>
    <ClCompile Include="Kinect.cpp">
      <Filter>Platform\Platform.Devices</Filter>
    </ClCompile>
    <ClCompile Include="Common\Textures.cpp">
      <Filter>DirectX\SourceFile</Filter>
    </ClCompile>
    <ClCompile Include="pch_bcl.cpp">
      <Filter>Source Files</Filter>
    </ClCompile>
    <ClCompile Include="Armature.cpp">
      <Filter>Causality</Filter>
    </ClCompile>
    <ClCompile Include="AssetDictionary.cpp">
      <Filter>Causality</Filter>
    </ClCompile>
    <ClCompile Include="PrimaryCamera.cpp">
      <Filter>Causality</Filter>
    </ClCompile>
    <ClCompile Include="Scene.cpp">
      <Filter>Causality</Filter>
    </ClCompile>
    <ClCompile Include="SceneObject.cpp">
      <Filter>Causality</Filter>
    </ClCompile>
    <ClCompile Include="SceneParser.cpp">
      <Filter>Causality</Filter>
    </ClCompile>
    <ClCompile Include="SelectorScene.cpp">
      <Filter>Causality</Filter>
    </ClCompile>
    <ClCompile Include="PlayerProxy.cpp">
      <Filter>Causality</Filter>
    </ClCompile>
    <ClCompile Include="FbxParser.cpp">
      <Filter>Causality</Filter>
    </ClCompile>
  </ItemGroup>
  <ItemGroup>
    <ClInclude Include="pch.h">
      <Filter>Header Files</Filter>
    </ClInclude>
    <ClInclude Include="Content\SampleFpsTextRenderer.h">
      <Filter>Header Files</Filter>
    </ClInclude>
    <ClInclude Include="Common\CompositeFlag.h">
      <Filter>Platform\Platform.Fundation</Filter>
    </ClInclude>
    <ClInclude Include="NativeWindow.h">
      <Filter>Platform</Filter>
    </ClInclude>
    <ClInclude Include="Common\Textures.h">
      <Filter>DirectX</Filter>
    </ClInclude>
    <ClInclude Include="Common\StepTimer.h">
      <Filter>DirectX</Filter>
    </ClInclude>
    <ClInclude Include="Common\Renderable.h">
      <Filter>DirectX</Filter>
    </ClInclude>
    <ClInclude Include="Common\DXGIFormatHelper.h">
      <Filter>DirectX</Filter>
    </ClInclude>
    <ClInclude Include="Common\DirectXHelper.h">
      <Filter>DirectX</Filter>
    </ClInclude>
    <ClInclude Include="Common\DeviceResources.h">
      <Filter>DirectX</Filter>
    </ClInclude>
    <ClInclude Include="Common\ConstantBuffer.h">
      <Filter>DirectX</Filter>
    </ClInclude>
    <ClInclude Include="Common\Carmera.h">
      <Filter>DirectX</Filter>
    </ClInclude>
    <ClInclude Include="Content\ShaderStructures.h">
      <Filter>DirectX</Filter>
    </ClInclude>
    <ClInclude Include="Common\Locatable.h">
      <Filter>DirectX</Filter>
    </ClInclude>
    <ClInclude Include="OculusRift.h">
      <Filter>Platform\Platform.Devices</Filter>
    </ClInclude>
    <ClInclude Include="Content\OculusDisortionRenderer.h">
      <Filter>Platform\Platform.Devices</Filter>
    </ClInclude>
    <ClInclude Include="Content\CubeScene.h">
      <Filter>Header Files</Filter>
    </ClInclude>
    <ClInclude Include="Common\ShaderEffect.h">
      <Filter>DirectX</Filter>
    </ClInclude>
    <ClInclude Include="Common\Model.h">
      <Filter>DirectX</Filter>
    </ClInclude>
    <ClInclude Include="Common\DeviceBuffers.h">
      <Filter>DirectX</Filter>
    </ClInclude>
    <ClInclude Include="Common\DirectXMathExtend.h">
      <Filter>DirectX</Filter>
    </ClInclude>
    <ClInclude Include="Common\Lights.h">
      <Filter>DirectX</Filter>
    </ClInclude>
    <ClInclude Include="Interactive.h">
      <Filter>Header Files</Filter>
    </ClInclude>
    <ClInclude Include="CausalityApplication.h">
      <Filter>Header Files</Filter>
    </ClInclude>
    <ClInclude Include="resource.h">
      <Filter>Header Files</Filter>
    </ClInclude>
    <ClInclude Include="Scene.h">
      <Filter>Header Files</Filter>
    </ClInclude>
    <ClInclude Include="Common\Material.h">
      <Filter>DirectX</Filter>
    </ClInclude>
    <ClInclude Include="LeapMotion.h">
      <Filter>Platform\Platform.Devices</Filter>
    </ClInclude>
    <ClInclude Include="Common\MetaBallModel.h">
      <Filter>DirectX</Filter>
    </ClInclude>
    <ClInclude Include="Common\Polygonizer.h">
      <Filter>DirectX</Filter>
    </ClInclude>
    <ClInclude Include="Common\BezierClip.h">
      <Filter>DirectX</Filter>
    </ClInclude>
    <ClInclude Include="Common\SpaceCurve.h">
      <Filter>DirectX</Filter>
    </ClInclude>
    <ClInclude Include="Common\PrimitiveVisualizer.h">
      <Filter>DirectX</Filter>
    </ClInclude>
    <ClInclude Include="pch_bullet.h">
      <Filter>Header Files</Filter>
    </ClInclude>
    <ClInclude Include="Common\Extern\tiny_obj_loader.h">
      <Filter>DirectX\Extern</Filter>
    </ClInclude>
    <ClInclude Include="Common\pch_directX.h">
      <Filter>DirectX</Filter>
    </ClInclude>
    <ClInclude Include="Common\SkyDome.h">
      <Filter>DirectX</Filter>
    </ClInclude>
    <ClInclude Include="PrimaryCamera.h">
      <Filter>Header Files</Filter>
    </ClInclude>
    <ClInclude Include="WorldTreeBranch.h">
      <Filter>Header Files</Filter>
    </ClInclude>
    <ClInclude Include="SceneObject.h">
      <Filter>Header Files</Filter>
    </ClInclude>
    <ClInclude Include="Kinect.h">
      <Filter>Platform\Platform.Devices</Filter>
    </ClInclude>
    <ClInclude Include="Common\tree.h">
      <Filter>StdX</Filter>
    </ClInclude>
    <ClInclude Include="Common\stride_range.h">
      <Filter>StdX</Filter>
    </ClInclude>
    <ClInclude Include="Common\BCL.h">
      <Filter>Header Files</Filter>
    </ClInclude>
    <ClInclude Include="AssetDictionary.h">
      <Filter>Header Files</Filter>
    </ClInclude>
    <ClInclude Include="SelectorScene.h">
      <Filter>Header Files</Filter>
    </ClInclude>
    <ClInclude Include="RenderContext.h">
      <Filter>Header Files</Filter>
    </ClInclude>
    <ClInclude Include="ProbalisticModel.h">
      <Filter>Header Files</Filter>
    </ClInclude>
    <ClInclude Include="Armature.h">
      <Filter>Header Files</Filter>
    </ClInclude>
    <ClInclude Include="Object.h">
      <Filter>Header Files</Filter>
    </ClInclude>
    <ClInclude Include="pch_bcl.h">
      <Filter>Header Files</Filter>
    </ClInclude>
    <ClInclude Include="BulletPhysics.h">
      <Filter>Header Files</Filter>
    </ClInclude>
    <ClInclude Include="BasicShapeModel.h">
      <Filter>Header Files</Filter>
    </ClInclude>
    <ClInclude Include="PlayerProxy.h">
      <Filter>Header Files</Filter>
    </ClInclude>
    <ClInclude Include="SceneParser.h">
      <Filter>Header Files</Filter>
    </ClInclude>
    <ClInclude Include="Common\Filter.h">
      <Filter>Header Files</Filter>
    </ClInclude>
    <ClInclude Include="CCA.h">
      <Filter>Header Files</Filter>
    </ClInclude>
    <ClInclude Include="FbxParser.h">
      <Filter>Causality</Filter>
    </ClInclude>
    <ClInclude Include="Resample.h">
      <Filter>Header Files</Filter>
    </ClInclude>
  </ItemGroup>
  <ItemGroup>
    <FxCompile Include="Content\OculusDisortionPixelShader.hlsl">
      <Filter>Shaders</Filter>
    </FxCompile>
    <FxCompile Include="Content\OculusDisortionVertexShader.hlsl">
      <Filter>Shaders</Filter>
    </FxCompile>
    <FxCompile Include="Content\SamplePixelShader.hlsl">
      <Filter>Shaders</Filter>
    </FxCompile>
    <FxCompile Include="Content\SampleVertexShader.hlsl">
      <Filter>Shaders</Filter>
    </FxCompile>
  </ItemGroup>
  <ItemGroup>
    <None Include="packages.config" />
  </ItemGroup>
  <ItemGroup>
    <Image Include="Resources\Textures\SkyBox\GrimmNight\Back.dds">
      <Filter>Resource Files\SkyBox</Filter>
    </Image>
    <Image Include="Resources\Textures\SkyBox\GrimmNight\Bottom.dds">
      <Filter>Resource Files\SkyBox</Filter>
    </Image>
    <Image Include="Resources\Textures\SkyBox\GrimmNight\front.dds">
      <Filter>Resource Files\SkyBox</Filter>
    </Image>
    <Image Include="Resources\Textures\SkyBox\GrimmNight\Left.dds">
      <Filter>Resource Files\SkyBox</Filter>
    </Image>
    <Image Include="Resources\Textures\SkyBox\GrimmNight\Right.dds">
      <Filter>Resource Files\SkyBox</Filter>
    </Image>
    <Image Include="Resources\Textures\SkyBox\GrimmNight\top.dds">
      <Filter>Resource Files\SkyBox</Filter>
    </Image>
  </ItemGroup>
  <ItemGroup>
    <ResourceCompile Include="Causality.rc">
      <Filter>Resource Files</Filter>
    </ResourceCompile>
  </ItemGroup>
  <ItemGroup>
    <Xml Include="manifest.xml" />
    <Xml Include="Resources\Foregrounds.xml">
      <Filter>Resource Files</Filter>
    </Xml>
    <Xml Include="Resources\SelectorScene.xml">
      <Filter>Resource Files</Filter>
    </Xml>
  </ItemGroup>
</Project>