<?xml version="1.0" encoding="utf-8"?>
<Project ToolsVersion="4.0" xmlns="http://schemas.microsoft.com/developer/msbuild/2003">
  <ItemGroup>
    <Filter Include="CommonSrc">
      <UniqueIdentifier>{ba6e9e50-0655-4f12-a136-6d2a06015925}</UniqueIdentifier>
    </Filter>
    <Filter Include="CommonSrc\Platform">
      <UniqueIdentifier>{16e20d8b-eff7-454c-be85-02037c399e97}</UniqueIdentifier>
    </Filter>
    <Filter Include="CommonSrc\Render">
      <UniqueIdentifier>{1b6d51ae-a405-4f3d-be93-41a50db4f328}</UniqueIdentifier>
    </Filter>
    <Filter Include="CommonSrc\Util">
      <UniqueIdentifier>{7fda3cf5-3371-45bc-b3b6-3b0424b46d93}</UniqueIdentifier>
    </Filter>
    <Filter Include="Lib">
      <UniqueIdentifier>{383765d6-231a-43ca-9428-ae85ad140de0}</UniqueIdentifier>
    </Filter>
    <Filter Include="DirectX">
      <UniqueIdentifier>{c2f87f65-a6e5-441f-9deb-cc380e166015}</UniqueIdentifier>
    </Filter>
    <Filter Include="CommonSrc\Util\TinyXML2">
      <UniqueIdentifier>{ea109931-0b59-40db-9a2f-8f0b18802004}</UniqueIdentifier>
    </Filter>
    <Filter Include="CommonSrc\Render\Scene">
      <UniqueIdentifier>{f49c1d59-8c18-4919-971b-044a6036647b}</UniqueIdentifier>
    </Filter>
    <Filter Include="CommonSrc\Platform\Audio">
      <UniqueIdentifier>{ea756177-6132-4115-a3dc-1871e8bd9db1}</UniqueIdentifier>
    </Filter>
  </ItemGroup>
  <ItemGroup>
    <ClCompile Include="..\CommonSrc\Platform\Platform.cpp">
      <Filter>CommonSrc\Platform</Filter>
    </ClCompile>
    <ClCompile Include="..\CommonSrc\Platform\Win32_Platform.cpp">
      <Filter>CommonSrc\Platform</Filter>
    </ClCompile>
    <ClCompile Include="..\CommonSrc\Render\Render_Device.cpp">
      <Filter>CommonSrc\Render</Filter>
    </ClCompile>
    <ClCompile Include="..\CommonSrc\Render\Render_D3D1X_Device.cpp">
      <Filter>CommonSrc\Render</Filter>
    </ClCompile>
    <ClCompile Include="..\CommonSrc\Render\Render_LoadTextureTGA.cpp">
      <Filter>CommonSrc\Render</Filter>
    </ClCompile>
    <ClCompile Include="Player.cpp" />
    <ClCompile Include="..\CommonSrc\Render\Render_LoadTextureDDS.cpp">
      <Filter>CommonSrc\Render</Filter>
    </ClCompile>
    <ClCompile Include="..\CommonSrc\Platform\Win32_Gamepad.cpp">
      <Filter>CommonSrc\Platform</Filter>
    </ClCompile>
    <ClCompile Include="OculusWorldDemo_Scene.cpp" />
    <ClCompile Include="..\CommonSrc\Render\Render_GL_Win32_Device.cpp">
      <Filter>CommonSrc\Render</Filter>
    </ClCompile>
    <ClCompile Include="..\CommonSrc\Render\Render_GL_Device.cpp">
      <Filter>CommonSrc\Render</Filter>
    </ClCompile>
    <ClCompile Include="..\CommonSrc\Util\OptionMenu.cpp">
      <Filter>CommonSrc\Util</Filter>
    </ClCompile>
    <ClCompile Include="..\CommonSrc\Util\RenderProfiler.cpp">
      <Filter>CommonSrc\Util</Filter>
    </ClCompile>
    <ClCompile Include="pch.cpp" />
    <ClCompile Include="..\CommonSrc\Audio\AudioButton.cpp">
      <Filter>CommonSrc\Platform\Audio</Filter>
    </ClCompile>
    <ClCompile Include="..\CommonSrc\Audio\AudioCaptureDevice.cpp">
      <Filter>CommonSrc\Platform\Audio</Filter>
    </ClCompile>
    <ClCompile Include="HUD.cpp" />
    <ClCompile Include="Textures.cpp">
      <Filter>DirectX</Filter>
    </ClCompile>
    <ClCompile Include="DebugVisualizer.cpp">
      <Filter>DirectX</Filter>
    </ClCompile>
    <ClCompile Include="DXGIFormatHelper.cpp">
      <Filter>DirectX</Filter>
    </ClCompile>
    <ClCompile Include="TinyXml\tinyxml2.cpp">
      <Filter>CommonSrc\Util\TinyXML2</Filter>
    </ClCompile>
    <ClCompile Include="..\CommonSrc\Render\Render_XmlSceneLoader.cpp">
      <Filter>CommonSrc\Render\Scene</Filter>
    </ClCompile>
    <ClCompile Include="OculusWorldDemo.cpp" />
    <ClCompile Include="TouchPad.cpp">
      <Filter>CommonSrc\Platform</Filter>
    </ClCompile>
    <ClCompile Include="..\CommonSrc\Util\Filter.cpp">
      <Filter>CommonSrc\Util</Filter>
    </ClCompile>
    <ClCompile Include="OrientedTouchPad.cpp" />
    <ClCompile Include="TouchManipulationHandler.cpp" />
  </ItemGroup>
  <ItemGroup>
    <ClInclude Include="..\CommonSrc\Platform\Win32_Platform.h">
      <Filter>CommonSrc\Platform</Filter>
    </ClInclude>
    <ClInclude Include="..\CommonSrc\Platform\Platform.h">
      <Filter>CommonSrc\Platform</Filter>
    </ClInclude>
    <ClInclude Include="..\CommonSrc\Platform\Platform_Default.h">
      <Filter>CommonSrc\Platform</Filter>
    </ClInclude>
    <ClInclude Include="..\CommonSrc\Render\Render_Font.h">
      <Filter>CommonSrc\Render</Filter>
    </ClInclude>
    <ClInclude Include="..\CommonSrc\Render\Render_Device.h">
      <Filter>CommonSrc\Render</Filter>
    </ClInclude>
    <ClInclude Include="..\CommonSrc\Render\Render_D3D1X_Device.h">
      <Filter>CommonSrc\Render</Filter>
    </ClInclude>
    <ClInclude Include="..\CommonSrc\Render\Render_D3D11_Device.h">
      <Filter>CommonSrc\Render</Filter>
    </ClInclude>
    <ClInclude Include="..\CommonSrc\Platform\Gamepad.h">
      <Filter>CommonSrc\Platform</Filter>
    </ClInclude>
    <ClInclude Include="..\CommonSrc\Platform\Win32_Gamepad.h">
      <Filter>CommonSrc\Platform</Filter>
    </ClInclude>
    <ClInclude Include="OculusWorldDemo.h" />
    <ClInclude Include="Player.h" />
    <ClInclude Include="..\CommonSrc\Render\Render_GL_Win32_Device.h">
      <Filter>CommonSrc\Render</Filter>
    </ClInclude>
    <ClInclude Include="..\CommonSrc\Render\Render_GL_Device.h">
      <Filter>CommonSrc\Render</Filter>
    </ClInclude>
    <ClInclude Include="..\CommonSrc\Util\RenderProfiler.h">
      <Filter>CommonSrc\Util</Filter>
    </ClInclude>
    <ClInclude Include="..\CommonSrc\Util\OptionMenu.h">
      <Filter>CommonSrc\Util</Filter>
    </ClInclude>
    <ClInclude Include="pch.h" />
    <ClInclude Include="..\CommonSrc\Audio\AudioButton.h">
      <Filter>CommonSrc\Platform\Audio</Filter>
    </ClInclude>
    <ClInclude Include="..\CommonSrc\Audio\AudioCaptureDevice.h">
      <Filter>CommonSrc\Platform\Audio</Filter>
    </ClInclude>
    <ClInclude Include="..\CommonSrc\Audio\DeviceState.h">
      <Filter>CommonSrc\Platform\Audio</Filter>
    </ClInclude>
    <ClInclude Include="HUD.h" />
    <ClInclude Include="Textures.h">
      <Filter>DirectX</Filter>
    </ClInclude>
    <ClInclude Include="DebugVisualizer.h">
      <Filter>DirectX</Filter>
    </ClInclude>
    <ClInclude Include="DirectXHelper.h">
      <Filter>DirectX</Filter>
    </ClInclude>
    <ClInclude Include="DXGIFormatHelper.h">
      <Filter>DirectX</Filter>
    </ClInclude>
    <ClInclude Include="cpplinq.hpp" />
    <ClInclude Include="TinyXml\tinyxml2.h">
      <Filter>CommonSrc\Util\TinyXML2</Filter>
    </ClInclude>
    <ClInclude Include="..\CommonSrc\Render\Render_XmlSceneLoader.h">
      <Filter>CommonSrc\Render\Scene</Filter>
    </ClInclude>
    <ClInclude Include="TouchPad.h">
      <Filter>CommonSrc\Platform</Filter>
    </ClInclude>
    <ClInclude Include="..\CommonSrc\Common.hpp">
      <Filter>CommonSrc</Filter>
    </ClInclude>
    <ClInclude Include="..\CommonSrc\Audio\AudioCommon.h">
      <Filter>CommonSrc\Platform\Audio</Filter>
    </ClInclude>
    <ClInclude Include="..\CommonSrc\Util\Filter.h">
      <Filter>CommonSrc\Util</Filter>
    </ClInclude>
    <ClInclude Include="OrientedTouchPad.h" />
    <ClInclude Include="..\CommonSrc\Math.hpp">
      <Filter>CommonSrc</Filter>
    </ClInclude>
    <ClInclude Include="TouchManipulationHandler.h" />
  </ItemGroup>
  <ItemGroup>
    <ResourceCompile Include="OculusWorldDemo.rc" />
  </ItemGroup>
  <ItemGroup>
    <None Include="tactonic.dll">
      <Filter>Lib</Filter>
    </None>
    <None Include="tactonicTouch.dll">
      <Filter>Lib</Filter>
    </None>
  </ItemGroup>
</Project>