<?xml version="1.0" encoding="utf-8"?>
<Project ToolsVersion="4.0" xmlns="http://schemas.microsoft.com/developer/msbuild/2003">
  <ItemGroup>
    <Filter Include="Source Files">
      <UniqueIdentifier>{4FC737F1-C7A5-4376-A066-2A32D752A2FF}</UniqueIdentifier>
      <Extensions>cpp;c;cc;cxx;def;odl;idl;hpj;bat;asm;asmx</Extensions>
    </Filter>
    <Filter Include="Header Files">
      <UniqueIdentifier>{93995380-89BD-4b04-88EB-625FBE52EBFB}</UniqueIdentifier>
      <Extensions>h;hh;hpp;hxx;hm;inl;inc;xsd</Extensions>
    </Filter>
    <Filter Include="Resource Files">
      <UniqueIdentifier>{67DA6AB6-F800-4c08-8B7A-83BB121AAD01}</UniqueIdentifier>
      <Extensions>rc;ico;cur;bmp;dlg;rc2;rct;bin;rgs;gif;jpg;jpeg;jpe;resx;tiff;tif;png;wav;mfcribbon-ms</Extensions>
    </Filter>
  </ItemGroup>
  <ItemGroup>
    <ClCompile Include="ImportScene\DisplayAnimation.cxx">
      <Filter>Source Files</Filter>
    </ClCompile>
    <ClCompile Include="ImportScene\DisplayCache.cxx">
      <Filter>Source Files</Filter>
    </ClCompile>
    <ClCompile Include="ImportScene\DisplayCamera.cxx">
      <Filter>Source Files</Filter>
    </ClCompile>
    <ClCompile Include="ImportScene\DisplayCommon.cxx">
      <Filter>Source Files</Filter>
    </ClCompile>
    <ClCompile Include="ImportScene\DisplayGenericInfo.cxx">
      <Filter>Source Files</Filter>
    </ClCompile>
    <ClCompile Include="ImportScene\DisplayGlobalSettings.cxx">
      <Filter>Source Files</Filter>
    </ClCompile>
    <ClCompile Include="ImportScene\DisplayHierarchy.cxx">
      <Filter>Source Files</Filter>
    </ClCompile>
    <ClCompile Include="ImportScene\DisplayLight.cxx">
      <Filter>Source Files</Filter>
    </ClCompile>
    <ClCompile Include="ImportScene\DisplayLink.cxx">
      <Filter>Source Files</Filter>
    </ClCompile>
    <ClCompile Include="ImportScene\DisplayLodGroup.cxx">
      <Filter>Source Files</Filter>
    </ClCompile>
    <ClCompile Include="ImportScene\DisplayMarker.cxx">
      <Filter>Source Files</Filter>
    </ClCompile>
    <ClCompile Include="ImportScene\DisplayMaterial.cxx">
      <Filter>Source Files</Filter>
    </ClCompile>
    <ClCompile Include="ImportScene\DisplayMesh.cxx">
      <Filter>Source Files</Filter>
    </ClCompile>
    <ClCompile Include="ImportScene\DisplayNurb.cxx">
      <Filter>Source Files</Filter>
    </ClCompile>
    <ClCompile Include="ImportScene\DisplayPatch.cxx">
      <Filter>Source Files</Filter>
    </ClCompile>
    <ClCompile Include="ImportScene\DisplayPivotsAndLimits.cxx">
      <Filter>Source Files</Filter>
    </ClCompile>
    <ClCompile Include="ImportScene\DisplayPose.cxx">
      <Filter>Source Files</Filter>
    </ClCompile>
    <ClCompile Include="ImportScene\DisplayShape.cxx">
      <Filter>Source Files</Filter>
    </ClCompile>
    <ClCompile Include="ImportScene\DisplaySkeleton.cxx">
      <Filter>Source Files</Filter>
    </ClCompile>
    <ClCompile Include="ImportScene\DisplayTexture.cxx">
      <Filter>Source Files</Filter>
    </ClCompile>
    <ClCompile Include="ImportScene\DisplayUserProperties.cxx">
      <Filter>Source Files</Filter>
    </ClCompile>
    <ClCompile Include="ImportScene\main.cxx">
      <Filter>Source Files</Filter>
    </ClCompile>
    <ClCompile Include="Common\AnimationUtility.cxx">
      <Filter>Source Files</Filter>
    </ClCompile>
    <ClCompile Include="Common\Common.cxx">
      <Filter>Source Files</Filter>
    </ClCompile>
    <ClCompile Include="Common\GeometryUtility.cxx">
      <Filter>Source Files</Filter>
    </ClCompile>
  </ItemGroup>
  <ItemGroup>
    <ClInclude Include="ImportScene\DisplayAnimation.h">
      <Filter>Header Files</Filter>
    </ClInclude>
    <ClInclude Include="ImportScene\DisplayCache.h">
      <Filter>Header Files</Filter>
    </ClInclude>
    <ClInclude Include="ImportScene\DisplayCamera.h">
      <Filter>Header Files</Filter>
    </ClInclude>
    <ClInclude Include="ImportScene\DisplayCommon.h">
      <Filter>Header Files</Filter>
    </ClInclude>
    <ClInclude Include="ImportScene\DisplayGenericInfo.h">
      <Filter>Header Files</Filter>
    </ClInclude>
    <ClInclude Include="ImportScene\DisplayGlobalSettings.h">
      <Filter>Header Files</Filter>
    </ClInclude>
    <ClInclude Include="ImportScene\DisplayHierarchy.h">
      <Filter>Header Files</Filter>
    </ClInclude>
    <ClInclude Include="ImportScene\DisplayLight.h">
      <Filter>Header Files</Filter>
    </ClInclude>
    <ClInclude Include="ImportScene\DisplayLink.h">
      <Filter>Header Files</Filter>
    </ClInclude>
    <ClInclude Include="ImportScene\DisplayLodGroup.h">
      <Filter>Header Files</Filter>
    </ClInclude>
    <ClInclude Include="ImportScene\DisplayMarker.h">
      <Filter>Header Files</Filter>
    </ClInclude>
    <ClInclude Include="ImportScene\DisplayMaterial.h">
      <Filter>Header Files</Filter>
    </ClInclude>
    <ClInclude Include="ImportScene\DisplayMesh.h">
      <Filter>Header Files</Filter>
    </ClInclude>
    <ClInclude Include="ImportScene\DisplayNurb.h">
      <Filter>Header Files</Filter>
    </ClInclude>
    <ClInclude Include="ImportScene\DisplayPatch.h">
      <Filter>Header Files</Filter>
    </ClInclude>
    <ClInclude Include="ImportScene\DisplayPivotsAndLimits.h">
      <Filter>Header Files</Filter>
    </ClInclude>
    <ClInclude Include="ImportScene\DisplayPose.h">
      <Filter>Header Files</Filter>
    </ClInclude>
    <ClInclude Include="ImportScene\DisplayShape.h">
      <Filter>Header Files</Filter>
    </ClInclude>
    <ClInclude Include="ImportScene\DisplaySkeleton.h">
      <Filter>Header Files</Filter>
    </ClInclude>
    <ClInclude Include="ImportScene\DisplayTexture.h">
      <Filter>Header Files</Filter>
    </ClInclude>
    <ClInclude Include="ImportScene\DisplayUserProperties.h">
      <Filter>Header Files</Filter>
    </ClInclude>
    <ClInclude Include="Common\AnimationUtility.h">
      <Filter>Header Files</Filter>
    </ClInclude>
    <ClInclude Include="Common\Common.h">
      <Filter>Header Files</Filter>
    </ClInclude>
    <ClInclude Include="Common\GeometryUtility.h">
      <Filter>Header Files</Filter>
    </ClInclude>
  </ItemGroup>
</Project>