<?xml version="1.0" encoding="utf-8"?>
<Project ToolsVersion="4.0" xmlns="http://schemas.microsoft.com/developer/msbuild/2003">
  <ItemGroup>
    <Filter Include="Source Files">
      <UniqueIdentifier>{4FC737F1-C7A5-4376-A066-2A32D752A2FF}</UniqueIdentifier>
      <Extensions>cpp;c;cc;cxx;def;odl;idl;hpj;bat;asm;asmx</Extensions>
    </Filter>
    <Filter Include="Header Files">
      <UniqueIdentifier>{93995380-89BD-4b04-88EB-625FBE52EBFB}</UniqueIdentifier>
      <Extensions>h;hh;hpp;hxx;hm;inl;inc;xsd</Extensions>
    </Filter>
    <Filter Include="Resource Files">
      <UniqueIdentifier>{67DA6AB6-F800-4c08-8B7A-83BB121AAD01}</UniqueIdentifier>
      <Extensions>rc;ico;cur;bmp;dlg;rc2;rct;bin;rgs;gif;jpg;jpeg;jpe;resx;tiff;tif;png;wav;mfcribbon-ms</Extensions>
    </Filter>
    <Filter Include="Header Files\impl">
      <UniqueIdentifier>{45b2a43b-c064-4f64-b7a9-7cfc9fb25b14}</UniqueIdentifier>
    </Filter>
  </ItemGroup>
  <ItemGroup>
    <ClCompile Include="..\..\src\event.cpp">
      <Filter>Source Files</Filter>
    </ClCompile>
    <ClCompile Include="..\..\src\scheduler.cpp">
      <Filter>Source Files</Filter>
    </ClCompile>
    <ClCompile Include="..\..\src\taskgroup.cpp">
      <Filter>Source Files</Filter>
    </ClCompile>
  </ItemGroup>
  <ItemGroup>
    <None Include="..\..\include\experimental\algorithm">
      <Filter>Header Files</Filter>
    </None>
    <None Include="..\..\include\experimental\exception">
      <Filter>Header Files</Filter>
    </None>
    <None Include="..\..\include\experimental\execution_policy">
      <Filter>Header Files</Filter>
    </None>
    <None Include="..\..\include\experimental\memory">
      <Filter>Header Files</Filter>
    </None>
    <None Include="..\..\include\experimental\numeric">
      <Filter>Header Files</Filter>
    </None>
  </ItemGroup>
  <ItemGroup>
    <ClInclude Include="..\..\include\experimental\impl\adjacent_find.h">
      <Filter>Header Files\impl</Filter>
    </ClInclude>
    <ClInclude Include="..\..\include\experimental\impl\algorithm_impl.h">
      <Filter>Header Files\impl</Filter>
    </ClInclude>
    <ClInclude Include="..\..\include\experimental\impl\algorithm_scheduler.h">
      <Filter>Header Files\impl</Filter>
    </ClInclude>
    <ClInclude Include="..\..\include\experimental\impl\all_any_none_of.h">
      <Filter>Header Files\impl</Filter>
    </ClInclude>
    <ClInclude Include="..\..\include\experimental\impl\copy.h">
      <Filter>Header Files\impl</Filter>
    </ClInclude>
    <ClInclude Include="..\..\include\experimental\impl\count.h">
      <Filter>Header Files\impl</Filter>
    </ClInclude>
    <ClInclude Include="..\..\include\experimental\impl\equal.h">
      <Filter>Header Files\impl</Filter>
    </ClInclude>
    <ClInclude Include="..\..\include\experimental\impl\event.h">
      <Filter>Header Files\impl</Filter>
    </ClInclude>
    <ClInclude Include="..\..\include\experimental\impl\fill.h">
      <Filter>Header Files\impl</Filter>
    </ClInclude>
    <ClInclude Include="..\..\include\experimental\impl\find.h">
      <Filter>Header Files\impl</Filter>
    </ClInclude>
    <ClInclude Include="..\..\include\experimental\impl\foreach.h">
      <Filter>Header Files\impl</Filter>
    </ClInclude>
    <ClInclude Include="..\..\include\experimental\impl\generate.h">
      <Filter>Header Files\impl</Filter>
    </ClInclude>
    <ClInclude Include="..\..\include\experimental\impl\is_partitioned.h">
      <Filter>Header Files\impl</Filter>
    </ClInclude>
    <ClInclude Include="..\..\include\experimental\impl\is_sorted.h">
      <Filter>Header Files\impl</Filter>
    </ClInclude>
    <ClInclude Include="..\..\include\experimental\impl\lexicographical_compare.h">
      <Filter>Header Files\impl</Filter>
    </ClInclude>
    <ClInclude Include="..\..\include\experimental\impl\merge.h">
      <Filter>Header Files\impl</Filter>
    </ClInclude>
    <ClInclude Include="..\..\include\experimental\impl\minmax_element.h">
      <Filter>Header Files\impl</Filter>
    </ClInclude>
    <ClInclude Include="..\..\include\experimental\impl\mismatch.h">
      <Filter>Header Files\impl</Filter>
    </ClInclude>
    <ClInclude Include="..\..\include\experimental\impl\move.h">
      <Filter>Header Files\impl</Filter>
    </ClInclude>
    <ClInclude Include="..\..\include\experimental\impl\nth_element.h">
      <Filter>Header Files\impl</Filter>
    </ClInclude>
    <ClInclude Include="..\..\include\experimental\impl\partition.h">
      <Filter>Header Files\impl</Filter>
    </ClInclude>
    <ClInclude Include="..\..\include\experimental\impl\reduce.h">
      <Filter>Header Files\impl</Filter>
    </ClInclude>
    <ClInclude Include="..\..\include\experimental\impl\remove.h">
      <Filter>Header Files\impl</Filter>
    </ClInclude>
    <ClInclude Include="..\..\include\experimental\impl\replace.h">
      <Filter>Header Files\impl</Filter>
    </ClInclude>
    <ClInclude Include="..\..\include\experimental\impl\reverse.h">
      <Filter>Header Files\impl</Filter>
    </ClInclude>
    <ClInclude Include="..\..\include\experimental\impl\rotate.h">
      <Filter>Header Files\impl</Filter>
    </ClInclude>
    <ClInclude Include="..\..\include\experimental\impl\scan.h">
      <Filter>Header Files\impl</Filter>
    </ClInclude>
    <ClInclude Include="..\..\include\experimental\impl\search.h">
      <Filter>Header Files\impl</Filter>
    </ClInclude>
    <ClInclude Include="..\..\include\experimental\impl\sequential.h">
      <Filter>Header Files\impl</Filter>
    </ClInclude>
    <ClInclude Include="..\..\include\experimental\impl\set_operations.h">
      <Filter>Header Files\impl</Filter>
    </ClInclude>
    <ClInclude Include="..\..\include\experimental\impl\sort.h">
      <Filter>Header Files\impl</Filter>
    </ClInclude>
    <ClInclude Include="..\..\include\experimental\impl\swap_ranges.h">
      <Filter>Header Files\impl</Filter>
    </ClInclude>
    <ClInclude Include="..\..\include\experimental\impl\taskgroup.h">
      <Filter>Header Files\impl</Filter>
    </ClInclude>
    <ClInclude Include="..\..\include\experimental\impl\transform.h">
      <Filter>Header Files\impl</Filter>
    </ClInclude>
    <ClInclude Include="..\..\include\experimental\impl\unique.h">
      <Filter>Header Files\impl</Filter>
    </ClInclude>
    <ClInclude Include="..\..\include\experimental\impl\unintialized_copy.h">
      <Filter>Header Files\impl</Filter>
    </ClInclude>
    <ClInclude Include="..\..\include\experimental\impl\unintialized_fill.h">
      <Filter>Header Files\impl</Filter>
    </ClInclude>
    <ClInclude Include="..\..\include\experimental\impl\defines.h">
      <Filter>Header Files\impl</Filter>
    </ClInclude>
    <ClInclude Include="..\..\include\experimental\impl\includes.h">
      <Filter>Header Files\impl</Filter>
    </ClInclude>
  </ItemGroup>
</Project>